// !$*UTF8*$!
{
	archiveVersion = 1;
	classes = {
	};
	objectVersion = 50;
	objects = {

/* Begin PBXBuildFile section */
		5144786A210BA2DC00C3B148 /* AppDelegate.swift in Sources */ = {isa = PBXBuildFile; fileRef = 51447869210BA2DC00C3B148 /* AppDelegate.swift */; };
		5144788C210BA4CA00C3B148 /* NewsViewController.swift in Sources */ = {isa = PBXBuildFile; fileRef = 5144788B210BA4CA00C3B148 /* NewsViewController.swift */; };
		51447895210BA4E300C3B148 /* Assets.xcassets in Resources */ = {isa = PBXBuildFile; fileRef = 5144788F210BA4E300C3B148 /* Assets.xcassets */; };
		51447896210BA4E300C3B148 /* LaunchScreen.storyboard in Resources */ = {isa = PBXBuildFile; fileRef = 51447890210BA4E300C3B148 /* LaunchScreen.storyboard */; };
		51447897210BA4E300C3B148 /* Main.storyboard in Resources */ = {isa = PBXBuildFile; fileRef = 51447892210BA4E300C3B148 /* Main.storyboard */; };
		51447898210BA4E300C3B148 /* Info.plist in Resources */ = {isa = PBXBuildFile; fileRef = 51447894210BA4E300C3B148 /* Info.plist */; };
		514478A7210BA50400C3B148 /* Core.framework in Frameworks */ = {isa = PBXBuildFile; fileRef = 5144789E210BA50400C3B148 /* Core.framework */; };
		514478AE210BA50400C3B148 /* CoreTests.swift in Sources */ = {isa = PBXBuildFile; fileRef = 514478AD210BA50400C3B148 /* CoreTests.swift */; };
		514478B0210BA50400C3B148 /* Core.h in Headers */ = {isa = PBXBuildFile; fileRef = 514478A0210BA50400C3B148 /* Core.h */; settings = {ATTRIBUTES = (Public, ); }; };
		514478B3210BA50400C3B148 /* Core.framework in Frameworks */ = {isa = PBXBuildFile; fileRef = 5144789E210BA50400C3B148 /* Core.framework */; };
		514478B4210BA50400C3B148 /* Core.framework in Embed Frameworks */ = {isa = PBXBuildFile; fileRef = 5144789E210BA50400C3B148 /* Core.framework */; settings = {ATTRIBUTES = (CodeSignOnCopy, RemoveHeadersOnCopy, ); }; };
		514478BE210BA59A00C3B148 /* Network.swift in Sources */ = {isa = PBXBuildFile; fileRef = 514478BD210BA59A00C3B148 /* Network.swift */; };
		514478C1210BA5C200C3B148 /* EndPoint.swift in Sources */ = {isa = PBXBuildFile; fileRef = 514478C0210BA5C200C3B148 /* EndPoint.swift */; };
		514478C3210BA5DB00C3B148 /* HTTPMethod.swift in Sources */ = {isa = PBXBuildFile; fileRef = 514478C2210BA5DB00C3B148 /* HTTPMethod.swift */; };
		514478C5210BA69E00C3B148 /* ParameterEncoder.swift in Sources */ = {isa = PBXBuildFile; fileRef = 514478C4210BA69E00C3B148 /* ParameterEncoder.swift */; };
		514478C7210BA77D00C3B148 /* Coordicator.swift in Sources */ = {isa = PBXBuildFile; fileRef = 514478C6210BA77D00C3B148 /* Coordicator.swift */; };
		514478C9210BA7C500C3B148 /* BaseCoordinator.swift in Sources */ = {isa = PBXBuildFile; fileRef = 514478C8210BA7C500C3B148 /* BaseCoordinator.swift */; };
		514478CB210BA7E100C3B148 /* ApplicationCoordicator.swift in Sources */ = {isa = PBXBuildFile; fileRef = 514478CA210BA7E100C3B148 /* ApplicationCoordicator.swift */; };
		514478CD210BA94B00C3B148 /* NewsCoordinator.swift in Sources */ = {isa = PBXBuildFile; fileRef = 514478CC210BA94B00C3B148 /* NewsCoordinator.swift */; };
		514478D0210BA97900C3B148 /* UIViewController+Extension.swift in Sources */ = {isa = PBXBuildFile; fileRef = 514478CF210BA97900C3B148 /* UIViewController+Extension.swift */; };
		514478D2210BAABF00C3B148 /* Router.swift in Sources */ = {isa = PBXBuildFile; fileRef = 514478D1210BAABF00C3B148 /* Router.swift */; };
		514478D4210BB91700C3B148 /* NewsEndPoint.swift in Sources */ = {isa = PBXBuildFile; fileRef = 514478D3210BB91700C3B148 /* NewsEndPoint.swift */; };
		518CEE6B210D7E0200D0541E /* ParameterEncodersTest.swift in Sources */ = {isa = PBXBuildFile; fileRef = 518CEE6A210D7E0200D0541E /* ParameterEncodersTest.swift */; };
		518CEE72210D8D3A00D0541E /* ReactiveSwift.framework in Frameworks */ = {isa = PBXBuildFile; fileRef = 518CEE6F210D8D3A00D0541E /* ReactiveSwift.framework */; };
		518CEE73210D8D3A00D0541E /* Result.framework in Frameworks */ = {isa = PBXBuildFile; fileRef = 518CEE70210D8D3A00D0541E /* Result.framework */; };
		518CEE75210D8D9200D0541E /* ReactiveSwift.framework in Frameworks */ = {isa = PBXBuildFile; fileRef = 518CEE6F210D8D3A00D0541E /* ReactiveSwift.framework */; };
		518CEE76210D8D9500D0541E /* Result.framework in Frameworks */ = {isa = PBXBuildFile; fileRef = 518CEE70210D8D3A00D0541E /* Result.framework */; };
		518CEE77210D8D9B00D0541E /* Kingfisher.framework in Frameworks */ = {isa = PBXBuildFile; fileRef = 518CEE6E210D8D3A00D0541E /* Kingfisher.framework */; };
		518CEE78210D901E00D0541E /* Kingfisher.framework in Frameworks */ = {isa = PBXBuildFile; fileRef = 518CEE6E210D8D3A00D0541E /* Kingfisher.framework */; };
		518CEE79210D901E00D0541E /* Kingfisher.framework in Embed Frameworks */ = {isa = PBXBuildFile; fileRef = 518CEE6E210D8D3A00D0541E /* Kingfisher.framework */; settings = {ATTRIBUTES = (CodeSignOnCopy, RemoveHeadersOnCopy, ); }; };
		518CEE7A210D901E00D0541E /* ReactiveSwift.framework in Frameworks */ = {isa = PBXBuildFile; fileRef = 518CEE6F210D8D3A00D0541E /* ReactiveSwift.framework */; };
		518CEE7B210D901E00D0541E /* ReactiveSwift.framework in Embed Frameworks */ = {isa = PBXBuildFile; fileRef = 518CEE6F210D8D3A00D0541E /* ReactiveSwift.framework */; settings = {ATTRIBUTES = (CodeSignOnCopy, RemoveHeadersOnCopy, ); }; };
		518CEE7C210D901E00D0541E /* Result.framework in Frameworks */ = {isa = PBXBuildFile; fileRef = 518CEE70210D8D3A00D0541E /* Result.framework */; };
		518CEE7D210D901E00D0541E /* Result.framework in Embed Frameworks */ = {isa = PBXBuildFile; fileRef = 518CEE70210D8D3A00D0541E /* Result.framework */; settings = {ATTRIBUTES = (CodeSignOnCopy, RemoveHeadersOnCopy, ); }; };
		518CEE7F210D935100D0541E /* NewsViewModel.swift in Sources */ = {isa = PBXBuildFile; fileRef = 518CEE7E210D935100D0541E /* NewsViewModel.swift */; };
		518CEE81210D935F00D0541E /* NewsModel.swift in Sources */ = {isa = PBXBuildFile; fileRef = 518CEE80210D935F00D0541E /* NewsModel.swift */; };
		518CEE87210E4DAC00D0541E /* ArticleTableViewCell.swift in Sources */ = {isa = PBXBuildFile; fileRef = 518CEE85210E4DAC00D0541E /* ArticleTableViewCell.swift */; };
		518CEE88210E4DAC00D0541E /* ArticleTableViewCell.xib in Resources */ = {isa = PBXBuildFile; fileRef = 518CEE86210E4DAC00D0541E /* ArticleTableViewCell.xib */; };
		518CEE8B210E585A00D0541E /* SourcesViewController.swift in Sources */ = {isa = PBXBuildFile; fileRef = 518CEE8A210E585A00D0541E /* SourcesViewController.swift */; };
		518CEE8D210E586C00D0541E /* SourcesCoordinator.swift in Sources */ = {isa = PBXBuildFile; fileRef = 518CEE8C210E586C00D0541E /* SourcesCoordinator.swift */; };
		518CEE8F210E587B00D0541E /* SourcesViewModel.swift in Sources */ = {isa = PBXBuildFile; fileRef = 518CEE8E210E587B00D0541E /* SourcesViewModel.swift */; };
		518CEE91210E588400D0541E /* SourcesModel.swift in Sources */ = {isa = PBXBuildFile; fileRef = 518CEE90210E588400D0541E /* SourcesModel.swift */; };
		518CEE94210E5C7600D0541E /* SourceTableViewCell.swift in Sources */ = {isa = PBXBuildFile; fileRef = 518CEE92210E5C7600D0541E /* SourceTableViewCell.swift */; };
		518CEE95210E5C7600D0541E /* SourceTableViewCell.xib in Resources */ = {isa = PBXBuildFile; fileRef = 518CEE93210E5C7600D0541E /* SourceTableViewCell.xib */; };
/* End PBXBuildFile section */

/* Begin PBXContainerItemProxy section */
		514478A8210BA50400C3B148 /* PBXContainerItemProxy */ = {
			isa = PBXContainerItemProxy;
			containerPortal = 5144785E210BA2DC00C3B148 /* Project object */;
			proxyType = 1;
			remoteGlobalIDString = 5144789D210BA50400C3B148;
			remoteInfo = Core;
		};
		514478AA210BA50400C3B148 /* PBXContainerItemProxy */ = {
			isa = PBXContainerItemProxy;
			containerPortal = 5144785E210BA2DC00C3B148 /* Project object */;
			proxyType = 1;
			remoteGlobalIDString = 51447865210BA2DC00C3B148;
			remoteInfo = News;
		};
		514478B1210BA50400C3B148 /* PBXContainerItemProxy */ = {
			isa = PBXContainerItemProxy;
			containerPortal = 5144785E210BA2DC00C3B148 /* Project object */;
			proxyType = 1;
			remoteGlobalIDString = 5144789D210BA50400C3B148;
			remoteInfo = Core;
		};
/* End PBXContainerItemProxy section */

/* Begin PBXCopyFilesBuildPhase section */
		514478B8210BA50400C3B148 /* Embed Frameworks */ = {
			isa = PBXCopyFilesBuildPhase;
			buildActionMask = 2147483647;
			dstPath = "";
			dstSubfolderSpec = 10;
			files = (
				518CEE79210D901E00D0541E /* Kingfisher.framework in Embed Frameworks */,
				514478B4210BA50400C3B148 /* Core.framework in Embed Frameworks */,
				518CEE7B210D901E00D0541E /* ReactiveSwift.framework in Embed Frameworks */,
				518CEE7D210D901E00D0541E /* Result.framework in Embed Frameworks */,
			);
			name = "Embed Frameworks";
			runOnlyForDeploymentPostprocessing = 0;
		};
/* End PBXCopyFilesBuildPhase section */

/* Begin PBXFileReference section */
		51447866210BA2DC00C3B148 /* News.app */ = {isa = PBXFileReference; explicitFileType = wrapper.application; includeInIndex = 0; path = News.app; sourceTree = BUILT_PRODUCTS_DIR; };
		51447869210BA2DC00C3B148 /* AppDelegate.swift */ = {isa = PBXFileReference; lastKnownFileType = sourcecode.swift; path = AppDelegate.swift; sourceTree = "<group>"; };
		5144788B210BA4CA00C3B148 /* NewsViewController.swift */ = {isa = PBXFileReference; fileEncoding = 4; lastKnownFileType = sourcecode.swift; path = NewsViewController.swift; sourceTree = "<group>"; };
		5144788F210BA4E300C3B148 /* Assets.xcassets */ = {isa = PBXFileReference; lastKnownFileType = folder.assetcatalog; path = Assets.xcassets; sourceTree = "<group>"; };
		51447891210BA4E300C3B148 /* Base */ = {isa = PBXFileReference; lastKnownFileType = file.storyboard; name = Base; path = Base.lproj/LaunchScreen.storyboard; sourceTree = "<group>"; };
		51447893210BA4E300C3B148 /* Base */ = {isa = PBXFileReference; lastKnownFileType = file.storyboard; name = Base; path = Base.lproj/Main.storyboard; sourceTree = "<group>"; };
		51447894210BA4E300C3B148 /* Info.plist */ = {isa = PBXFileReference; fileEncoding = 4; lastKnownFileType = text.plist.xml; path = Info.plist; sourceTree = "<group>"; };
		5144789E210BA50400C3B148 /* Core.framework */ = {isa = PBXFileReference; explicitFileType = wrapper.framework; includeInIndex = 0; path = Core.framework; sourceTree = BUILT_PRODUCTS_DIR; };
		514478A0210BA50400C3B148 /* Core.h */ = {isa = PBXFileReference; lastKnownFileType = sourcecode.c.h; path = Core.h; sourceTree = "<group>"; };
		514478A1210BA50400C3B148 /* Info.plist */ = {isa = PBXFileReference; lastKnownFileType = text.plist.xml; path = Info.plist; sourceTree = "<group>"; };
		514478A6210BA50400C3B148 /* CoreTests.xctest */ = {isa = PBXFileReference; explicitFileType = wrapper.cfbundle; includeInIndex = 0; path = CoreTests.xctest; sourceTree = BUILT_PRODUCTS_DIR; };
		514478AD210BA50400C3B148 /* CoreTests.swift */ = {isa = PBXFileReference; lastKnownFileType = sourcecode.swift; path = CoreTests.swift; sourceTree = "<group>"; };
		514478AF210BA50400C3B148 /* Info.plist */ = {isa = PBXFileReference; lastKnownFileType = text.plist.xml; path = Info.plist; sourceTree = "<group>"; };
		514478BD210BA59A00C3B148 /* Network.swift */ = {isa = PBXFileReference; lastKnownFileType = sourcecode.swift; path = Network.swift; sourceTree = "<group>"; };
		514478C0210BA5C200C3B148 /* EndPoint.swift */ = {isa = PBXFileReference; lastKnownFileType = sourcecode.swift; path = EndPoint.swift; sourceTree = "<group>"; };
		514478C2210BA5DB00C3B148 /* HTTPMethod.swift */ = {isa = PBXFileReference; lastKnownFileType = sourcecode.swift; path = HTTPMethod.swift; sourceTree = "<group>"; };
		514478C4210BA69E00C3B148 /* ParameterEncoder.swift */ = {isa = PBXFileReference; lastKnownFileType = sourcecode.swift; path = ParameterEncoder.swift; sourceTree = "<group>"; };
		514478C6210BA77D00C3B148 /* Coordicator.swift */ = {isa = PBXFileReference; lastKnownFileType = sourcecode.swift; path = Coordicator.swift; sourceTree = "<group>"; };
		514478C8210BA7C500C3B148 /* BaseCoordinator.swift */ = {isa = PBXFileReference; lastKnownFileType = sourcecode.swift; path = BaseCoordinator.swift; sourceTree = "<group>"; };
		514478CA210BA7E100C3B148 /* ApplicationCoordicator.swift */ = {isa = PBXFileReference; lastKnownFileType = sourcecode.swift; path = ApplicationCoordicator.swift; sourceTree = "<group>"; };
		514478CC210BA94B00C3B148 /* NewsCoordinator.swift */ = {isa = PBXFileReference; lastKnownFileType = sourcecode.swift; path = NewsCoordinator.swift; sourceTree = "<group>"; };
		514478CF210BA97900C3B148 /* UIViewController+Extension.swift */ = {isa = PBXFileReference; lastKnownFileType = sourcecode.swift; path = "UIViewController+Extension.swift"; sourceTree = "<group>"; };
		514478D1210BAABF00C3B148 /* Router.swift */ = {isa = PBXFileReference; lastKnownFileType = sourcecode.swift; path = Router.swift; sourceTree = "<group>"; };
		514478D3210BB91700C3B148 /* NewsEndPoint.swift */ = {isa = PBXFileReference; lastKnownFileType = sourcecode.swift; path = NewsEndPoint.swift; sourceTree = "<group>"; };
		518CEE6A210D7E0200D0541E /* ParameterEncodersTest.swift */ = {isa = PBXFileReference; lastKnownFileType = sourcecode.swift; path = ParameterEncodersTest.swift; sourceTree = "<group>"; };
		518CEE6E210D8D3A00D0541E /* Kingfisher.framework */ = {isa = PBXFileReference; lastKnownFileType = wrapper.framework; name = Kingfisher.framework; path = Carthage/Build/iOS/Kingfisher.framework; sourceTree = "<group>"; };
		518CEE6F210D8D3A00D0541E /* ReactiveSwift.framework */ = {isa = PBXFileReference; lastKnownFileType = wrapper.framework; name = ReactiveSwift.framework; path = Carthage/Build/iOS/ReactiveSwift.framework; sourceTree = "<group>"; };
		518CEE70210D8D3A00D0541E /* Result.framework */ = {isa = PBXFileReference; lastKnownFileType = wrapper.framework; name = Result.framework; path = Carthage/Build/iOS/Result.framework; sourceTree = "<group>"; };
		518CEE7E210D935100D0541E /* NewsViewModel.swift */ = {isa = PBXFileReference; lastKnownFileType = sourcecode.swift; path = NewsViewModel.swift; sourceTree = "<group>"; };
		518CEE80210D935F00D0541E /* NewsModel.swift */ = {isa = PBXFileReference; lastKnownFileType = sourcecode.swift; path = NewsModel.swift; sourceTree = "<group>"; };
		518CEE85210E4DAC00D0541E /* ArticleTableViewCell.swift */ = {isa = PBXFileReference; lastKnownFileType = sourcecode.swift; path = ArticleTableViewCell.swift; sourceTree = "<group>"; };
		518CEE86210E4DAC00D0541E /* ArticleTableViewCell.xib */ = {isa = PBXFileReference; lastKnownFileType = file.xib; path = ArticleTableViewCell.xib; sourceTree = "<group>"; };
		518CEE8A210E585A00D0541E /* SourcesViewController.swift */ = {isa = PBXFileReference; lastKnownFileType = sourcecode.swift; path = SourcesViewController.swift; sourceTree = "<group>"; };
		518CEE8C210E586C00D0541E /* SourcesCoordinator.swift */ = {isa = PBXFileReference; lastKnownFileType = sourcecode.swift; path = SourcesCoordinator.swift; sourceTree = "<group>"; };
		518CEE8E210E587B00D0541E /* SourcesViewModel.swift */ = {isa = PBXFileReference; lastKnownFileType = sourcecode.swift; path = SourcesViewModel.swift; sourceTree = "<group>"; };
		518CEE90210E588400D0541E /* SourcesModel.swift */ = {isa = PBXFileReference; lastKnownFileType = sourcecode.swift; path = SourcesModel.swift; sourceTree = "<group>"; };
		518CEE92210E5C7600D0541E /* SourceTableViewCell.swift */ = {isa = PBXFileReference; lastKnownFileType = sourcecode.swift; path = SourceTableViewCell.swift; sourceTree = "<group>"; };
		518CEE93210E5C7600D0541E /* SourceTableViewCell.xib */ = {isa = PBXFileReference; lastKnownFileType = file.xib; path = SourceTableViewCell.xib; sourceTree = "<group>"; };
/* End PBXFileReference section */

/* Begin PBXFrameworksBuildPhase section */
		51447863210BA2DC00C3B148 /* Frameworks */ = {
			isa = PBXFrameworksBuildPhase;
			buildActionMask = 2147483647;
			files = (
				518CEE78210D901E00D0541E /* Kingfisher.framework in Frameworks */,
				518CEE7C210D901E00D0541E /* Result.framework in Frameworks */,
				514478B3210BA50400C3B148 /* Core.framework in Frameworks */,
				518CEE72210D8D3A00D0541E /* ReactiveSwift.framework in Frameworks */,
				518CEE77210D8D9B00D0541E /* Kingfisher.framework in Frameworks */,
				518CEE73210D8D3A00D0541E /* Result.framework in Frameworks */,
				518CEE7A210D901E00D0541E /* ReactiveSwift.framework in Frameworks */,
			);
			runOnlyForDeploymentPostprocessing = 0;
		};
		5144789A210BA50400C3B148 /* Frameworks */ = {
			isa = PBXFrameworksBuildPhase;
			buildActionMask = 2147483647;
			files = (
				518CEE76210D8D9500D0541E /* Result.framework in Frameworks */,
				518CEE75210D8D9200D0541E /* ReactiveSwift.framework in Frameworks */,
			);
			runOnlyForDeploymentPostprocessing = 0;
		};
		514478A3210BA50400C3B148 /* Frameworks */ = {
			isa = PBXFrameworksBuildPhase;
			buildActionMask = 2147483647;
			files = (
				514478A7210BA50400C3B148 /* Core.framework in Frameworks */,
			);
			runOnlyForDeploymentPostprocessing = 0;
		};
/* End PBXFrameworksBuildPhase section */

/* Begin PBXGroup section */
		5144785D210BA2DC00C3B148 = {
			isa = PBXGroup;
			children = (
				51447868210BA2DC00C3B148 /* News */,
				5144789F210BA50400C3B148 /* Core */,
				514478AC210BA50400C3B148 /* CoreTests */,
				51447867210BA2DC00C3B148 /* Products */,
				518CEE6D210D8D3A00D0541E /* Frameworks */,
			);
			sourceTree = "<group>";
		};
		51447867210BA2DC00C3B148 /* Products */ = {
			isa = PBXGroup;
			children = (
				51447866210BA2DC00C3B148 /* News.app */,
				5144789E210BA50400C3B148 /* Core.framework */,
				514478A6210BA50400C3B148 /* CoreTests.xctest */,
			);
			name = Products;
			sourceTree = "<group>";
		};
		51447868210BA2DC00C3B148 /* News */ = {
			isa = PBXGroup;
			children = (
				51447869210BA2DC00C3B148 /* AppDelegate.swift */,
				514478C6210BA77D00C3B148 /* Coordicator.swift */,
				514478C8210BA7C500C3B148 /* BaseCoordinator.swift */,
				514478CA210BA7E100C3B148 /* ApplicationCoordicator.swift */,
				514478D1210BAABF00C3B148 /* Router.swift */,
				5144788A210BA4CA00C3B148 /* Views */,
				5144788E210BA4E300C3B148 /* Recources */,
				514478CE210BA96000C3B148 /* Helpers */,
			);
			path = News;
			sourceTree = "<group>";
		};
		5144788A210BA4CA00C3B148 /* Views */ = {
			isa = PBXGroup;
			children = (
				518CEE89210E584300D0541E /* Sources */,
				518CEE84210E4D8600D0541E /* News */,
			);
			path = Views;
			sourceTree = "<group>";
		};
		5144788E210BA4E300C3B148 /* Recources */ = {
			isa = PBXGroup;
			children = (
				5144788F210BA4E300C3B148 /* Assets.xcassets */,
				51447890210BA4E300C3B148 /* LaunchScreen.storyboard */,
				51447892210BA4E300C3B148 /* Main.storyboard */,
				51447894210BA4E300C3B148 /* Info.plist */,
			);
			path = Recources;
			sourceTree = "<group>";
		};
		5144789F210BA50400C3B148 /* Core */ = {
			isa = PBXGroup;
			children = (
				514478BC210BA51A00C3B148 /* Network */,
				514478A0210BA50400C3B148 /* Core.h */,
				514478A1210BA50400C3B148 /* Info.plist */,
			);
			path = Core;
			sourceTree = "<group>";
		};
		514478AC210BA50400C3B148 /* CoreTests */ = {
			isa = PBXGroup;
			children = (
				514478AD210BA50400C3B148 /* CoreTests.swift */,
				518CEE6A210D7E0200D0541E /* ParameterEncodersTest.swift */,
				514478AF210BA50400C3B148 /* Info.plist */,
			);
			path = CoreTests;
			sourceTree = "<group>";
		};
		514478BC210BA51A00C3B148 /* Network */ = {
			isa = PBXGroup;
			children = (
				514478BF210BA5AD00C3B148 /* EndPoint */,
				514478BD210BA59A00C3B148 /* Network.swift */,
			);
			path = Network;
			sourceTree = "<group>";
		};
		514478BF210BA5AD00C3B148 /* EndPoint */ = {
			isa = PBXGroup;
			children = (
				514478C0210BA5C200C3B148 /* EndPoint.swift */,
				514478C2210BA5DB00C3B148 /* HTTPMethod.swift */,
				514478C4210BA69E00C3B148 /* ParameterEncoder.swift */,
				514478D3210BB91700C3B148 /* NewsEndPoint.swift */,
			);
			path = EndPoint;
			sourceTree = "<group>";
		};
		514478CE210BA96000C3B148 /* Helpers */ = {
			isa = PBXGroup;
			children = (
				514478CF210BA97900C3B148 /* UIViewController+Extension.swift */,
			);
			path = Helpers;
			sourceTree = "<group>";
		};
		518CEE6D210D8D3A00D0541E /* Frameworks */ = {
			isa = PBXGroup;
			children = (
				518CEE6E210D8D3A00D0541E /* Kingfisher.framework */,
				518CEE6F210D8D3A00D0541E /* ReactiveSwift.framework */,
				518CEE70210D8D3A00D0541E /* Result.framework */,
			);
			name = Frameworks;
			sourceTree = "<group>";
		};
		518CEE84210E4D8600D0541E /* News */ = {
			isa = PBXGroup;
			children = (
				514478CC210BA94B00C3B148 /* NewsCoordinator.swift */,
				5144788B210BA4CA00C3B148 /* NewsViewController.swift */,
				518CEE7E210D935100D0541E /* NewsViewModel.swift */,
				518CEE80210D935F00D0541E /* NewsModel.swift */,
				518CEE85210E4DAC00D0541E /* ArticleTableViewCell.swift */,
				518CEE86210E4DAC00D0541E /* ArticleTableViewCell.xib */,
			);
			path = News;
			sourceTree = "<group>";
		};
		518CEE89210E584300D0541E /* Sources */ = {
			isa = PBXGroup;
			children = (
				518CEE8C210E586C00D0541E /* SourcesCoordinator.swift */,
				518CEE8A210E585A00D0541E /* SourcesViewController.swift */,
				518CEE8E210E587B00D0541E /* SourcesViewModel.swift */,
				518CEE90210E588400D0541E /* SourcesModel.swift */,
				518CEE92210E5C7600D0541E /* SourceTableViewCell.swift */,
				518CEE93210E5C7600D0541E /* SourceTableViewCell.xib */,
			);
			path = Sources;
			sourceTree = "<group>";
		};
/* End PBXGroup section */

/* Begin PBXHeadersBuildPhase section */
		5144789B210BA50400C3B148 /* Headers */ = {
			isa = PBXHeadersBuildPhase;
			buildActionMask = 2147483647;
			files = (
				514478B0210BA50400C3B148 /* Core.h in Headers */,
			);
			runOnlyForDeploymentPostprocessing = 0;
		};
/* End PBXHeadersBuildPhase section */

/* Begin PBXNativeTarget section */
		51447865210BA2DC00C3B148 /* News */ = {
			isa = PBXNativeTarget;
			buildConfigurationList = 51447878210BA2DD00C3B148 /* Build configuration list for PBXNativeTarget "News" */;
			buildPhases = (
				51447862210BA2DC00C3B148 /* Sources */,
				51447863210BA2DC00C3B148 /* Frameworks */,
				51447864210BA2DC00C3B148 /* Resources */,
				514478B8210BA50400C3B148 /* Embed Frameworks */,
				518CEE6C210D8B7400D0541E /* ShellScript */,
			);
			buildRules = (
			);
			dependencies = (
				514478B2210BA50400C3B148 /* PBXTargetDependency */,
			);
			name = News;
			productName = News;
			productReference = 51447866210BA2DC00C3B148 /* News.app */;
			productType = "com.apple.product-type.application";
		};
		5144789D210BA50400C3B148 /* Core */ = {
			isa = PBXNativeTarget;
			buildConfigurationList = 514478B5210BA50400C3B148 /* Build configuration list for PBXNativeTarget "Core" */;
			buildPhases = (
				51447899210BA50400C3B148 /* Sources */,
				5144789A210BA50400C3B148 /* Frameworks */,
				5144789B210BA50400C3B148 /* Headers */,
				5144789C210BA50400C3B148 /* Resources */,
			);
			buildRules = (
			);
			dependencies = (
			);
			name = Core;
			productName = Core;
			productReference = 5144789E210BA50400C3B148 /* Core.framework */;
			productType = "com.apple.product-type.framework";
		};
		514478A5210BA50400C3B148 /* CoreTests */ = {
			isa = PBXNativeTarget;
			buildConfigurationList = 514478B9210BA50400C3B148 /* Build configuration list for PBXNativeTarget "CoreTests" */;
			buildPhases = (
				514478A2210BA50400C3B148 /* Sources */,
				514478A3210BA50400C3B148 /* Frameworks */,
				514478A4210BA50400C3B148 /* Resources */,
			);
			buildRules = (
			);
			dependencies = (
				514478A9210BA50400C3B148 /* PBXTargetDependency */,
				514478AB210BA50400C3B148 /* PBXTargetDependency */,
			);
			name = CoreTests;
			productName = CoreTests;
			productReference = 514478A6210BA50400C3B148 /* CoreTests.xctest */;
			productType = "com.apple.product-type.bundle.unit-test";
		};
/* End PBXNativeTarget section */

/* Begin PBXProject section */
		5144785E210BA2DC00C3B148 /* Project object */ = {
			isa = PBXProject;
			attributes = {
				LastSwiftUpdateCheck = 0940;
				LastUpgradeCheck = 0940;
				ORGANIZATIONNAME = "Vitaliy Pavlyuk";
				TargetAttributes = {
					51447865210BA2DC00C3B148 = {
						CreatedOnToolsVersion = 9.4.1;
					};
					5144789D210BA50400C3B148 = {
						CreatedOnToolsVersion = 9.4.1;
						LastSwiftMigration = 0940;
					};
					514478A5210BA50400C3B148 = {
						CreatedOnToolsVersion = 9.4.1;
						TestTargetID = 51447865210BA2DC00C3B148;
					};
				};
			};
			buildConfigurationList = 51447861210BA2DC00C3B148 /* Build configuration list for PBXProject "News" */;
			compatibilityVersion = "Xcode 9.3";
			developmentRegion = en;
			hasScannedForEncodings = 0;
			knownRegions = (
				en,
				Base,
			);
			mainGroup = 5144785D210BA2DC00C3B148;
			productRefGroup = 51447867210BA2DC00C3B148 /* Products */;
			projectDirPath = "";
			projectRoot = "";
			targets = (
				51447865210BA2DC00C3B148 /* News */,
				5144789D210BA50400C3B148 /* Core */,
				514478A5210BA50400C3B148 /* CoreTests */,
			);
		};
/* End PBXProject section */

/* Begin PBXResourcesBuildPhase section */
		51447864210BA2DC00C3B148 /* Resources */ = {
			isa = PBXResourcesBuildPhase;
			buildActionMask = 2147483647;
			files = (
				518CEE88210E4DAC00D0541E /* ArticleTableViewCell.xib in Resources */,
				51447898210BA4E300C3B148 /* Info.plist in Resources */,
				51447897210BA4E300C3B148 /* Main.storyboard in Resources */,
				51447895210BA4E300C3B148 /* Assets.xcassets in Resources */,
				518CEE95210E5C7600D0541E /* SourceTableViewCell.xib in Resources */,
				51447896210BA4E300C3B148 /* LaunchScreen.storyboard in Resources */,
			);
			runOnlyForDeploymentPostprocessing = 0;
		};
		5144789C210BA50400C3B148 /* Resources */ = {
			isa = PBXResourcesBuildPhase;
			buildActionMask = 2147483647;
			files = (
			);
			runOnlyForDeploymentPostprocessing = 0;
		};
		514478A4210BA50400C3B148 /* Resources */ = {
			isa = PBXResourcesBuildPhase;
			buildActionMask = 2147483647;
			files = (
			);
			runOnlyForDeploymentPostprocessing = 0;
		};
/* End PBXResourcesBuildPhase section */

/* Begin PBXShellScriptBuildPhase section */
		518CEE6C210D8B7400D0541E /* ShellScript */ = {
			isa = PBXShellScriptBuildPhase;
			buildActionMask = 8;
			files = (
			);
			inputPaths = (
				"$(SRCROOT)/Carthage/Build/iOS/Kingfisher.framework",
				"$(SRCROOT)/Carthage/Build/iOS/ReactiveSwift.framework",
				"$(SRCROOT)/Carthage/Build/iOS/Result.framework",
			);
			outputPaths = (
				"$(BUILT_PRODUCTS_DIR)/$(FRAMEWORKS_FOLDER_PATH)/Kingfisher.framework",
				"$(BUILT_PRODUCTS_DIR)/$(FRAMEWORKS_FOLDER_PATH)/ReactiveSwift.framework",
				"$(BUILT_PRODUCTS_DIR)/$(FRAMEWORKS_FOLDER_PATH)/Result.framework",
			);
			runOnlyForDeploymentPostprocessing = 1;
			shellPath = "/usr/local/bin/carthage copy-frameworks";
			shellScript = "";
		};
/* End PBXShellScriptBuildPhase section */

/* Begin PBXSourcesBuildPhase section */
		51447862210BA2DC00C3B148 /* Sources */ = {
			isa = PBXSourcesBuildPhase;
			buildActionMask = 2147483647;
			files = (
				514478D2210BAABF00C3B148 /* Router.swift in Sources */,
				518CEE7F210D935100D0541E /* NewsViewModel.swift in Sources */,
				5144788C210BA4CA00C3B148 /* NewsViewController.swift in Sources */,
				514478C7210BA77D00C3B148 /* Coordicator.swift in Sources */,
				518CEE81210D935F00D0541E /* NewsModel.swift in Sources */,
				518CEE8F210E587B00D0541E /* SourcesViewModel.swift in Sources */,
				518CEE8B210E585A00D0541E /* SourcesViewController.swift in Sources */,
				518CEE8D210E586C00D0541E /* SourcesCoordinator.swift in Sources */,
				518CEE94210E5C7600D0541E /* SourceTableViewCell.swift in Sources */,
				518CEE87210E4DAC00D0541E /* ArticleTableViewCell.swift in Sources */,
				5144786A210BA2DC00C3B148 /* AppDelegate.swift in Sources */,
				514478C9210BA7C500C3B148 /* BaseCoordinator.swift in Sources */,
				514478D0210BA97900C3B148 /* UIViewController+Extension.swift in Sources */,
				514478CB210BA7E100C3B148 /* ApplicationCoordicator.swift in Sources */,
				514478CD210BA94B00C3B148 /* NewsCoordinator.swift in Sources */,
				518CEE91210E588400D0541E /* SourcesModel.swift in Sources */,
			);
			runOnlyForDeploymentPostprocessing = 0;
		};
		51447899210BA50400C3B148 /* Sources */ = {
			isa = PBXSourcesBuildPhase;
			buildActionMask = 2147483647;
			files = (
				514478C1210BA5C200C3B148 /* EndPoint.swift in Sources */,
				514478D4210BB91700C3B148 /* NewsEndPoint.swift in Sources */,
				514478BE210BA59A00C3B148 /* Network.swift in Sources */,
				514478C5210BA69E00C3B148 /* ParameterEncoder.swift in Sources */,
				514478C3210BA5DB00C3B148 /* HTTPMethod.swift in Sources */,
			);
			runOnlyForDeploymentPostprocessing = 0;
		};
		514478A2210BA50400C3B148 /* Sources */ = {
			isa = PBXSourcesBuildPhase;
			buildActionMask = 2147483647;
			files = (
				514478AE210BA50400C3B148 /* CoreTests.swift in Sources */,
				518CEE6B210D7E0200D0541E /* ParameterEncodersTest.swift in Sources */,
			);
			runOnlyForDeploymentPostprocessing = 0;
		};
/* End PBXSourcesBuildPhase section */

/* Begin PBXTargetDependency section */
		514478A9210BA50400C3B148 /* PBXTargetDependency */ = {
			isa = PBXTargetDependency;
			target = 5144789D210BA50400C3B148 /* Core */;
			targetProxy = 514478A8210BA50400C3B148 /* PBXContainerItemProxy */;
		};
		514478AB210BA50400C3B148 /* PBXTargetDependency */ = {
			isa = PBXTargetDependency;
			target = 51447865210BA2DC00C3B148 /* News */;
			targetProxy = 514478AA210BA50400C3B148 /* PBXContainerItemProxy */;
		};
		514478B2210BA50400C3B148 /* PBXTargetDependency */ = {
			isa = PBXTargetDependency;
			target = 5144789D210BA50400C3B148 /* Core */;
			targetProxy = 514478B1210BA50400C3B148 /* PBXContainerItemProxy */;
		};
/* End PBXTargetDependency section */

/* Begin PBXVariantGroup section */
		51447890210BA4E300C3B148 /* LaunchScreen.storyboard */ = {
			isa = PBXVariantGroup;
			children = (
				51447891210BA4E300C3B148 /* Base */,
			);
			name = LaunchScreen.storyboard;
			sourceTree = "<group>";
		};
		51447892210BA4E300C3B148 /* Main.storyboard */ = {
			isa = PBXVariantGroup;
			children = (
				51447893210BA4E300C3B148 /* Base */,
			);
			name = Main.storyboard;
			sourceTree = "<group>";
		};
/* End PBXVariantGroup section */

/* Begin XCBuildConfiguration section */
		51447876210BA2DD00C3B148 /* Debug */ = {
			isa = XCBuildConfiguration;
			buildSettings = {
				ALWAYS_SEARCH_USER_PATHS = NO;
				CLANG_ANALYZER_NONNULL = YES;
				CLANG_ANALYZER_NUMBER_OBJECT_CONVERSION = YES_AGGRESSIVE;
				CLANG_CXX_LANGUAGE_STANDARD = "gnu++14";
				CLANG_CXX_LIBRARY = "libc++";
				CLANG_ENABLE_MODULES = YES;
				CLANG_ENABLE_OBJC_ARC = YES;
				CLANG_ENABLE_OBJC_WEAK = YES;
				CLANG_WARN_BLOCK_CAPTURE_AUTORELEASING = YES;
				CLANG_WARN_BOOL_CONVERSION = YES;
				CLANG_WARN_COMMA = YES;
				CLANG_WARN_CONSTANT_CONVERSION = YES;
				CLANG_WARN_DEPRECATED_OBJC_IMPLEMENTATIONS = YES;
				CLANG_WARN_DIRECT_OBJC_ISA_USAGE = YES_ERROR;
				CLANG_WARN_DOCUMENTATION_COMMENTS = YES;
				CLANG_WARN_EMPTY_BODY = YES;
				CLANG_WARN_ENUM_CONVERSION = YES;
				CLANG_WARN_INFINITE_RECURSION = YES;
				CLANG_WARN_INT_CONVERSION = YES;
				CLANG_WARN_NON_LITERAL_NULL_CONVERSION = YES;
				CLANG_WARN_OBJC_IMPLICIT_RETAIN_SELF = YES;
				CLANG_WARN_OBJC_LITERAL_CONVERSION = YES;
				CLANG_WARN_OBJC_ROOT_CLASS = YES_ERROR;
				CLANG_WARN_RANGE_LOOP_ANALYSIS = YES;
				CLANG_WARN_STRICT_PROTOTYPES = YES;
				CLANG_WARN_SUSPICIOUS_MOVE = YES;
				CLANG_WARN_UNGUARDED_AVAILABILITY = YES_AGGRESSIVE;
				CLANG_WARN_UNREACHABLE_CODE = YES;
				CLANG_WARN__DUPLICATE_METHOD_MATCH = YES;
				CODE_SIGN_IDENTITY = "iPhone Developer";
				COPY_PHASE_STRIP = NO;
				DEBUG_INFORMATION_FORMAT = dwarf;
				ENABLE_STRICT_OBJC_MSGSEND = YES;
				ENABLE_TESTABILITY = YES;
				GCC_C_LANGUAGE_STANDARD = gnu11;
				GCC_DYNAMIC_NO_PIC = NO;
				GCC_NO_COMMON_BLOCKS = YES;
				GCC_OPTIMIZATION_LEVEL = 0;
				GCC_PREPROCESSOR_DEFINITIONS = (
					"DEBUG=1",
					"$(inherited)",
				);
				GCC_WARN_64_TO_32_BIT_CONVERSION = YES;
				GCC_WARN_ABOUT_RETURN_TYPE = YES_ERROR;
				GCC_WARN_UNDECLARED_SELECTOR = YES;
				GCC_WARN_UNINITIALIZED_AUTOS = YES_AGGRESSIVE;
				GCC_WARN_UNUSED_FUNCTION = YES;
				GCC_WARN_UNUSED_VARIABLE = YES;
				IPHONEOS_DEPLOYMENT_TARGET = 11.4;
				MTL_ENABLE_DEBUG_INFO = YES;
				ONLY_ACTIVE_ARCH = YES;
				SDKROOT = iphoneos;
				SWIFT_ACTIVE_COMPILATION_CONDITIONS = DEBUG;
				SWIFT_OPTIMIZATION_LEVEL = "-Onone";
			};
			name = Debug;
		};
		51447877210BA2DD00C3B148 /* Release */ = {
			isa = XCBuildConfiguration;
			buildSettings = {
				ALWAYS_SEARCH_USER_PATHS = NO;
				CLANG_ANALYZER_NONNULL = YES;
				CLANG_ANALYZER_NUMBER_OBJECT_CONVERSION = YES_AGGRESSIVE;
				CLANG_CXX_LANGUAGE_STANDARD = "gnu++14";
				CLANG_CXX_LIBRARY = "libc++";
				CLANG_ENABLE_MODULES = YES;
				CLANG_ENABLE_OBJC_ARC = YES;
				CLANG_ENABLE_OBJC_WEAK = YES;
				CLANG_WARN_BLOCK_CAPTURE_AUTORELEASING = YES;
				CLANG_WARN_BOOL_CONVERSION = YES;
				CLANG_WARN_COMMA = YES;
				CLANG_WARN_CONSTANT_CONVERSION = YES;
				CLANG_WARN_DEPRECATED_OBJC_IMPLEMENTATIONS = YES;
				CLANG_WARN_DIRECT_OBJC_ISA_USAGE = YES_ERROR;
				CLANG_WARN_DOCUMENTATION_COMMENTS = YES;
				CLANG_WARN_EMPTY_BODY = YES;
				CLANG_WARN_ENUM_CONVERSION = YES;
				CLANG_WARN_INFINITE_RECURSION = YES;
				CLANG_WARN_INT_CONVERSION = YES;
				CLANG_WARN_NON_LITERAL_NULL_CONVERSION = YES;
				CLANG_WARN_OBJC_IMPLICIT_RETAIN_SELF = YES;
				CLANG_WARN_OBJC_LITERAL_CONVERSION = YES;
				CLANG_WARN_OBJC_ROOT_CLASS = YES_ERROR;
				CLANG_WARN_RANGE_LOOP_ANALYSIS = YES;
				CLANG_WARN_STRICT_PROTOTYPES = YES;
				CLANG_WARN_SUSPICIOUS_MOVE = YES;
				CLANG_WARN_UNGUARDED_AVAILABILITY = YES_AGGRESSIVE;
				CLANG_WARN_UNREACHABLE_CODE = YES;
				CLANG_WARN__DUPLICATE_METHOD_MATCH = YES;
				CODE_SIGN_IDENTITY = "iPhone Developer";
				COPY_PHASE_STRIP = NO;
				DEBUG_INFORMATION_FORMAT = "dwarf-with-dsym";
				ENABLE_NS_ASSERTIONS = NO;
				ENABLE_STRICT_OBJC_MSGSEND = YES;
				GCC_C_LANGUAGE_STANDARD = gnu11;
				GCC_NO_COMMON_BLOCKS = YES;
				GCC_WARN_64_TO_32_BIT_CONVERSION = YES;
				GCC_WARN_ABOUT_RETURN_TYPE = YES_ERROR;
				GCC_WARN_UNDECLARED_SELECTOR = YES;
				GCC_WARN_UNINITIALIZED_AUTOS = YES_AGGRESSIVE;
				GCC_WARN_UNUSED_FUNCTION = YES;
				GCC_WARN_UNUSED_VARIABLE = YES;
				IPHONEOS_DEPLOYMENT_TARGET = 11.4;
				MTL_ENABLE_DEBUG_INFO = NO;
				SDKROOT = iphoneos;
				SWIFT_COMPILATION_MODE = wholemodule;
				SWIFT_OPTIMIZATION_LEVEL = "-O";
				VALIDATE_PRODUCT = YES;
			};
			name = Release;
		};
		51447879210BA2DD00C3B148 /* Debug */ = {
			isa = XCBuildConfiguration;
			buildSettings = {
				ALWAYS_EMBED_SWIFT_STANDARD_LIBRARIES = YES;
				ASSETCATALOG_COMPILER_APPICON_NAME = AppIcon;
				CODE_SIGN_STYLE = Automatic;
				DEVELOPMENT_TEAM = F9CL5P9K65;
				FRAMEWORK_SEARCH_PATHS = (
					"$(inherited)",
					"$(PROJECT_DIR)/Carthage/Build/iOS",
				);
				INFOPLIST_FILE = "$(SRCROOT)/News/Recources/Info.plist";
				LD_RUNPATH_SEARCH_PATHS = (
					"$(inherited)",
					"@executable_path/Frameworks",
				);
				PRODUCT_BUNDLE_IDENTIFIER = vitaliy.pavlyuk.News;
				PRODUCT_NAME = "$(TARGET_NAME)";
				SWIFT_VERSION = 4.0;
				TARGETED_DEVICE_FAMILY = "1,2";
			};
			name = Debug;
		};
		5144787A210BA2DD00C3B148 /* Release */ = {
			isa = XCBuildConfiguration;
			buildSettings = {
				ALWAYS_EMBED_SWIFT_STANDARD_LIBRARIES = YES;
				ASSETCATALOG_COMPILER_APPICON_NAME = AppIcon;
				CODE_SIGN_STYLE = Automatic;
				DEVELOPMENT_TEAM = F9CL5P9K65;
				FRAMEWORK_SEARCH_PATHS = (
					"$(inherited)",
					"$(PROJECT_DIR)/Carthage/Build/iOS",
				);
				INFOPLIST_FILE = "$(SRCROOT)/News/Recources/Info.plist";
				LD_RUNPATH_SEARCH_PATHS = (
					"$(inherited)",
					"@executable_path/Frameworks",
				);
				PRODUCT_BUNDLE_IDENTIFIER = vitaliy.pavlyuk.News;
				PRODUCT_NAME = "$(TARGET_NAME)";
				SWIFT_VERSION = 4.0;
				TARGETED_DEVICE_FAMILY = "1,2";
			};
			name = Release;
		};
		514478B6210BA50400C3B148 /* Debug */ = {
			isa = XCBuildConfiguration;
			buildSettings = {
				CLANG_ENABLE_MODULES = YES;
				CODE_SIGN_IDENTITY = "";
				CODE_SIGN_STYLE = Automatic;
				CURRENT_PROJECT_VERSION = 1;
				DEFINES_MODULE = YES;
				DEVELOPMENT_TEAM = F9CL5P9K65;
				DYLIB_COMPATIBILITY_VERSION = 1;
				DYLIB_CURRENT_VERSION = 1;
				DYLIB_INSTALL_NAME_BASE = "@rpath";
				FRAMEWORK_SEARCH_PATHS = (
					"$(inherited)",
					"$(PROJECT_DIR)/Carthage/Build/iOS",
				);
				INFOPLIST_FILE = Core/Info.plist;
				INSTALL_PATH = "$(LOCAL_LIBRARY_DIR)/Frameworks";
				LD_RUNPATH_SEARCH_PATHS = (
					"$(inherited)",
					"@executable_path/Frameworks",
					"@loader_path/Frameworks",
				);
				PRODUCT_BUNDLE_IDENTIFIER = vitaliy.pavlyuk.Core;
				PRODUCT_NAME = "$(TARGET_NAME:c99extidentifier)";
				SKIP_INSTALL = YES;
				SWIFT_OPTIMIZATION_LEVEL = "-Onone";
				SWIFT_VERSION = 4.0;
				TARGETED_DEVICE_FAMILY = "1,2";
				VERSIONING_SYSTEM = "apple-generic";
				VERSION_INFO_PREFIX = "";
			};
			name = Debug;
		};
		514478B7210BA50400C3B148 /* Release */ = {
			isa = XCBuildConfiguration;
			buildSettings = {
				CLANG_ENABLE_MODULES = YES;
				CODE_SIGN_IDENTITY = "";
				CODE_SIGN_STYLE = Automatic;
				CURRENT_PROJECT_VERSION = 1;
				DEFINES_MODULE = YES;
				DEVELOPMENT_TEAM = F9CL5P9K65;
				DYLIB_COMPATIBILITY_VERSION = 1;
				DYLIB_CURRENT_VERSION = 1;
				DYLIB_INSTALL_NAME_BASE = "@rpath";
				FRAMEWORK_SEARCH_PATHS = (
					"$(inherited)",
					"$(PROJECT_DIR)/Carthage/Build/iOS",
				);
				INFOPLIST_FILE = Core/Info.plist;
				INSTALL_PATH = "$(LOCAL_LIBRARY_DIR)/Frameworks";
				LD_RUNPATH_SEARCH_PATHS = (
					"$(inherited)",
					"@executable_path/Frameworks",
					"@loader_path/Frameworks",
				);
				PRODUCT_BUNDLE_IDENTIFIER = vitaliy.pavlyuk.Core;
				PRODUCT_NAME = "$(TARGET_NAME:c99extidentifier)";
				SKIP_INSTALL = YES;
				SWIFT_VERSION = 4.0;
				TARGETED_DEVICE_FAMILY = "1,2";
				VERSIONING_SYSTEM = "apple-generic";
				VERSION_INFO_PREFIX = "";
			};
			name = Release;
		};
		514478BA210BA50400C3B148 /* Debug */ = {
			isa = XCBuildConfiguration;
			buildSettings = {
				ALWAYS_EMBED_SWIFT_STANDARD_LIBRARIES = YES;
				CODE_SIGN_STYLE = Automatic;
				DEVELOPMENT_TEAM = F9CL5P9K65;
				INFOPLIST_FILE = CoreTests/Info.plist;
				LD_RUNPATH_SEARCH_PATHS = (
					"$(inherited)",
					"@executable_path/Frameworks",
					"@loader_path/Frameworks",
				);
				PRODUCT_BUNDLE_IDENTIFIER = vitaliy.pavlyuk.CoreTests;
				PRODUCT_NAME = "$(TARGET_NAME)";
				SWIFT_VERSION = 4.0;
				TARGETED_DEVICE_FAMILY = "1,2";
				TEST_HOST = "$(BUILT_PRODUCTS_DIR)/News.app/News";
			};
			name = Debug;
		};
		514478BB210BA50400C3B148 /* Release */ = {
			isa = XCBuildConfiguration;
			buildSettings = {
				ALWAYS_EMBED_SWIFT_STANDARD_LIBRARIES = YES;
				CODE_SIGN_STYLE = Automatic;
				DEVELOPMENT_TEAM = F9CL5P9K65;
				INFOPLIST_FILE = CoreTests/Info.plist;
				LD_RUNPATH_SEARCH_PATHS = (
					"$(inherited)",
					"@executable_path/Frameworks",
					"@loader_path/Frameworks",
				);
				PRODUCT_BUNDLE_IDENTIFIER = vitaliy.pavlyuk.CoreTests;
				PRODUCT_NAME = "$(TARGET_NAME)";
				SWIFT_VERSION = 4.0;
				TARGETED_DEVICE_FAMILY = "1,2";
				TEST_HOST = "$(BUILT_PRODUCTS_DIR)/News.app/News";
			};
			name = Release;
		};
/* End XCBuildConfiguration section */

/* Begin XCConfigurationList section */
		51447861210BA2DC00C3B148 /* Build configuration list for PBXProject "News" */ = {
			isa = XCConfigurationList;
			buildConfigurations = (
				51447876210BA2DD00C3B148 /* Debug */,
				51447877210BA2DD00C3B148 /* Release */,
			);
			defaultConfigurationIsVisible = 0;
			defaultConfigurationName = Release;
		};
		51447878210BA2DD00C3B148 /* Build configuration list for PBXNativeTarget "News" */ = {
			isa = XCConfigurationList;
			buildConfigurations = (
				51447879210BA2DD00C3B148 /* Debug */,
				5144787A210BA2DD00C3B148 /* Release */,
			);
			defaultConfigurationIsVisible = 0;
			defaultConfigurationName = Release;
		};
		514478B5210BA50400C3B148 /* Build configuration list for PBXNativeTarget "Core" */ = {
			isa = XCConfigurationList;
			buildConfigurations = (
				514478B6210BA50400C3B148 /* Debug */,
				514478B7210BA50400C3B148 /* Release */,
			);
			defaultConfigurationIsVisible = 0;
			defaultConfigurationName = Release;
		};
		514478B9210BA50400C3B148 /* Build configuration list for PBXNativeTarget "CoreTests" */ = {
			isa = XCConfigurationList;
			buildConfigurations = (
				514478BA210BA50400C3B148 /* Debug */,
				514478BB210BA50400C3B148 /* Release */,
			);
			defaultConfigurationIsVisible = 0;
			defaultConfigurationName = Release;
		};
/* End XCConfigurationList section */
	};
	rootObject = 5144785E210BA2DC00C3B148 /* Project object */;
}
